{
  "name": "py-libp2p-websocket-interop-js",
  "version": "1.0.0",
  "lockfileVersion": 3,
  "requires": true,
  "packages": {
    "": {
      "name": "py-libp2p-websocket-interop-js",
      "version": "1.0.0",
      "devDependencies": {},
      "engines": {
        "node": ">=16.0.0"
      }
    }
  }
}
