{
  "name": "js-websocket-interop-test",
  "version": "1.0.0",
  "lockfileVersion": 3,
  "requires": true,
  "packages": {
    "": {
      "name": "js-websocket-interop-test",
      "version": "1.0.0",
      "dependencies": {
        "@libp2p/logger": "^4.0.0",
        "@libp2p/mplex": "^10.0.0",
        "@libp2p/peer-id": "^4.0.0",
        "@libp2p/plaintext": "^1.1.0",
        "@libp2p/tcp": "^9.0.0",
        "@multiformats/multiaddr": "^12.0.0",
        "it-pipe": "^3.0.0",
        "libp2p": "^1.9.0",
        "uint8arrays": "^5.0.0"
      }
    },
    "node_modules/@chainsafe/is-ip": {
      "version": "2.1.0",
      "resolved": "https://registry.npmjs.org/@chainsafe/is-ip/-/is-ip-2.1.0.tgz",
      "integrity": "sha512-KIjt+6IfysQ4GCv66xihEitBjvhU/bixbbbFxdJ1sqCp4uJ0wuZiYBPhksZoy4lfaF0k9cwNzY5upEW/VWdw3w=="
    },
    "node_modules/@chainsafe/netmask": {
      "version": "2.0.0",
      "resolved": "https://registry.npmjs.org/@chainsafe/netmask/-/netmask-2.0.0.tgz",
      "integrity": "sha512-I3Z+6SWUoaljh3TBzCnCxjlUyN8tA+NAk5L6m9IxvCf1BENQTePzPMis97CoN/iMW1St3WN+AWCCRp+TTBRiDg==",
      "dependencies": {
        "@chainsafe/is-ip": "^2.0.1"
      }
    },
    "node_modules/@leichtgewicht/ip-codec": {
      "version": "2.0.5",
      "resolved": "https://registry.npmjs.org/@leichtgewicht/ip-codec/-/ip-codec-2.0.5.tgz",
      "integrity": "sha512-Vo+PSpZG2/fmgmiNzYK9qWRh8h/CHrwD0mo1h1DzL4yzHNSfWYujGTYsWGreD000gcgmZ7K4Ys6Tx9TxtsKdDw=="
    },
    "node_modules/@libp2p/crypto": {
      "version": "4.1.9",
      "resolved": "https://registry.npmjs.org/@libp2p/crypto/-/crypto-4.1.9.tgz",
      "integrity": "sha512-8Cf2VKh0uC/rQLvTLSloIOMqUvf4jsSTHXgjWQRf47lDNJlNNI0wSv2S6gakT72GZsRV/jCjYwKPqRlsa5S0iA==",
      "dependencies": {
        "@libp2p/interface": "^1.7.0",
        "@noble/curves": "^1.4.0",
        "@noble/hashes": "^1.4.0",
        "asn1js": "^3.0.5",
        "multiformats": "^13.1.0",
        "protons-runtime": "^5.4.0",
        "uint8arraylist": "^2.4.8",
        "uint8arrays": "^5.1.0"
      }
    },
    "node_modules/@libp2p/interface": {
      "version": "1.7.0",
      "resolved": "https://registry.npmjs.org/@libp2p/interface/-/interface-1.7.0.tgz",
      "integrity": "sha512-/zFyaIaIGW0aihhsH7/93vQdpWInUzFocxF11RO/029Y6h0SVjs24HHbils+DqaFDTqN+L7oNlBx2rM2MnmTjA==",
      "dependencies": {
        "@multiformats/multiaddr": "^12.2.3",
        "it-pushable": "^3.2.3",
        "it-stream-types": "^2.0.1",
        "multiformats": "^13.1.0",
        "progress-events": "^1.0.0",
        "uint8arraylist": "^2.4.8"
      }
    },
    "node_modules/@libp2p/interface-internal": {
      "version": "1.3.4",
      "resolved": "https://registry.npmjs.org/@libp2p/interface-internal/-/interface-internal-1.3.4.tgz",
      "integrity": "sha512-8x/0sdeH8T16yZ9t/Cfja0ms6Ho9fF3riX56WhQrNxMU6C1sIgAFmzUNzHLxxOR+rkKyL9cyXIyB+RcBf4gzjA==",
      "dependencies": {
        "@libp2p/interface": "^1.7.0",
        "@libp2p/peer-collections": "^5.2.9",
        "@multiformats/multiaddr": "^12.2.3",
        "progress-events": "^1.0.0",
        "uint8arraylist": "^2.4.8"
      }
    },
    "node_modules/@libp2p/logger": {
      "version": "4.0.20",
      "resolved": "https://registry.npmjs.org/@libp2p/logger/-/logger-4.0.20.tgz",
      "integrity": "sha512-TTh2dhHsOTAlMPxSa9ncFPHa/0jTt+0AQxwHdlxg/OGLAgc9VRhnrhHUbJZp07Crcw4T/MOfS4KhjlxgqYgJRw==",
      "dependencies": {
        "@libp2p/interface": "^1.7.0",
        "@multiformats/multiaddr": "^12.2.3",
        "interface-datastore": "^8.2.11",
        "multiformats": "^13.1.0",
        "weald": "^1.0.2"
      }
    },
    "node_modules/@libp2p/mplex": {
      "version": "10.1.5",
      "resolved": "https://registry.npmjs.org/@libp2p/mplex/-/mplex-10.1.5.tgz",
      "integrity": "sha512-NdT9ak8omeJZvdJhzsKSSeHBZlP+3sl68UbrpfVanWebQVuNqw7UOLURKtXnRd7II7siXt37Yq6W2km7VIT1yQ==",
      "deprecated": "Mplex has no flow control - please use @chainsafe/libp2p-yamux instead",
      "dependencies": {
        "@libp2p/interface": "^1.7.0",
        "@libp2p/utils": "^5.4.9",
        "it-pipe": "^3.0.1",
        "it-pushable": "^3.2.3",
        "it-stream-types": "^2.0.1",
        "uint8-varint": "^2.0.4",
        "uint8arraylist": "^2.4.8",
        "uint8arrays": "^5.1.0"
      }
    },
    "node_modules/@libp2p/multistream-select": {
      "version": "5.1.17",
      "resolved": "https://registry.npmjs.org/@libp2p/multistream-select/-/multistream-select-5.1.17.tgz",
      "integrity": "sha512-QOMGjCzKGf/W+qzWw5OxaqLEYhK45XjMCxGJYQ7L5eUkcwAv6rlPZAYw6YslaMLpJTa61/yfh8D4u7EuoMFsUw==",
      "dependencies": {
        "@libp2p/interface": "^1.7.0",
        "it-length-prefixed": "^9.0.4",
        "it-length-prefixed-stream": "^1.1.7",
        "it-stream-types": "^2.0.1",
        "p-defer": "^4.0.1",
        "race-signal": "^1.0.2",
        "uint8-varint": "^2.0.4",
        "uint8arraylist": "^2.4.8",
        "uint8arrays": "^5.1.0"
      }
    },
    "node_modules/@libp2p/peer-collections": {
      "version": "5.2.9",
      "resolved": "https://registry.npmjs.org/@libp2p/peer-collections/-/peer-collections-5.2.9.tgz",
      "integrity": "sha512-8gBmzQlCWjjb+FSQBKK33T25Y5Df/8FWCXFtJDsprVxVUzDOQoibQJ5Tb4Y+mb96HUhNzoaRWVEamB78MMB3DA==",
      "dependencies": {
        "@libp2p/interface": "^1.7.0",
        "@libp2p/peer-id": "^4.2.4",
        "@libp2p/utils": "^5.4.9"
      }
    },
    "node_modules/@libp2p/peer-id": {
      "version": "4.2.4",
      "resolved": "https://registry.npmjs.org/@libp2p/peer-id/-/peer-id-4.2.4.tgz",
      "integrity": "sha512-mvvsVxt4HkF14BrTNKbqr14VObW+KBJBWu1Oe6BFCoDttGMQLaI+PdduE1r6Tquntv5IONBqoITgD7ow5dQ+vQ==",
      "dependencies": {
        "@libp2p/interface": "^1.7.0",
        "multiformats": "^13.1.0",
        "uint8arrays": "^5.1.0"
      }
    },
    "node_modules/@libp2p/peer-id-factory": {
      "version": "4.2.4",
      "resolved": "https://registry.npmjs.org/@libp2p/peer-id-factory/-/peer-id-factory-4.2.4.tgz",
      "integrity": "sha512-NDQ/qIWpcAG/6xQjyut6xCkrYYAoCaI/33Z+7yzo5qFODwLfNonLzSTasnA6jhuvHn33aHnD1qhdpFkmstxtNQ==",
      "dependencies": {
        "@libp2p/crypto": "^4.1.9",
        "@libp2p/interface": "^1.7.0",
        "@libp2p/peer-id": "^4.2.4",
        "protons-runtime": "^5.4.0",
        "uint8arraylist": "^2.4.8",
        "uint8arrays": "^5.1.0"
      }
    },
    "node_modules/@libp2p/peer-record": {
      "version": "7.0.25",
      "resolved": "https://registry.npmjs.org/@libp2p/peer-record/-/peer-record-7.0.25.tgz",
      "integrity": "sha512-b54P3cSeQniW/HPJjBVbeF3KaVUQkWa431gotuIFUS1PYgtz69uzkRrVY6Qt+RBb4R4fcmH4K4jWyZi3xyLGfQ==",
      "dependencies": {
        "@libp2p/crypto": "^4.1.9",
        "@libp2p/interface": "^1.7.0",
        "@libp2p/peer-id": "^4.2.4",
        "@libp2p/utils": "^5.4.9",
        "@multiformats/multiaddr": "^12.2.3",
        "protons-runtime": "^5.4.0",
        "uint8-varint": "^2.0.4",
        "uint8arraylist": "^2.4.8",
        "uint8arrays": "^5.1.0"
      }
    },
    "node_modules/@libp2p/peer-store": {
      "version": "10.1.5",
      "resolved": "https://registry.npmjs.org/@libp2p/peer-store/-/peer-store-10.1.5.tgz",
      "integrity": "sha512-JqQcIcxZS7kicCPabGRyrKD+qZlOdaooL00hdHogVb4MIMqfjiQMmOEpzIvTQLCKHKM2mmfnV3P7kc6hYzPq8g==",
      "dependencies": {
        "@libp2p/interface": "^1.7.0",
        "@libp2p/peer-collections": "^5.2.9",
        "@libp2p/peer-id": "^4.2.4",
        "@libp2p/peer-record": "^7.0.25",
        "@multiformats/multiaddr": "^12.2.3",
        "interface-datastore": "^8.2.11",
        "it-all": "^3.0.6",
        "mortice": "^3.0.4",
        "multiformats": "^13.1.0",
        "protons-runtime": "^5.4.0",
        "uint8arraylist": "^2.4.8",
        "uint8arrays": "^5.1.0"
      }
    },
    "node_modules/@libp2p/plaintext": {
      "version": "1.1.6",
      "resolved": "https://registry.npmjs.org/@libp2p/plaintext/-/plaintext-1.1.6.tgz",
      "integrity": "sha512-UvQCW9O9s0CuNUG+RuwbD+3noy647LZ+uwbx9CgW8rX+vN3Dzh4d3khtpPPAKFkv5Z1xxUFTAoGsK1JIcYr67g==",
      "dependencies": {
        "@libp2p/crypto": "^4.1.9",
        "@libp2p/interface": "^1.7.0",
        "@libp2p/peer-id": "^4.2.4",
        "@libp2p/peer-id-factory": "^4.2.4",
        "it-protobuf-stream": "^1.1.3",
        "it-stream-types": "^2.0.1",
        "protons-runtime": "^5.4.0",
        "uint8arraylist": "^2.4.8"
      }
    },
    "node_modules/@libp2p/tcp": {
      "version": "9.1.6",
      "resolved": "https://registry.npmjs.org/@libp2p/tcp/-/tcp-9.1.6.tgz",
      "integrity": "sha512-zbhHDY5txl8ypCL50JQWej/fZ8X7Lh+qfZw1HXDQEJZvgIrdYDPXrXfjIFflN0m/6hPoU/VAkKOr+RIuhIE8wQ==",
      "dependencies": {
        "@libp2p/interface": "^1.7.0",
        "@libp2p/utils": "^5.4.9",
        "@multiformats/mafmt": "^12.1.6",
        "@multiformats/multiaddr": "^12.2.3",
        "@types/sinon": "^17.0.3",
        "progress-events": "^1.0.0",
        "stream-to-it": "^1.0.1"
      }
    },
    "node_modules/@libp2p/utils": {
      "version": "5.4.9",
      "resolved": "https://registry.npmjs.org/@libp2p/utils/-/utils-5.4.9.tgz",
      "integrity": "sha512-0fRdX98WqhTmXU2WEVLegLFxs/kKTtUHanHk5Lzs4oGsIzlPHR7zE6lj/U1WfsFA+Xo1eYQpNLiXEL29hG+Nyw==",
      "dependencies": {
        "@chainsafe/is-ip": "^2.0.2",
        "@libp2p/crypto": "^4.1.9",
        "@libp2p/interface": "^1.7.0",
        "@libp2p/logger": "^4.0.20",
        "@multiformats/multiaddr": "^12.2.3",
        "@multiformats/multiaddr-matcher": "^1.2.1",
        "@sindresorhus/fnv1a": "^3.1.0",
        "@types/murmurhash3js-revisited": "^3.0.3",
        "any-signal": "^4.1.1",
        "delay": "^6.0.0",
        "get-iterator": "^2.0.1",
        "is-loopback-addr": "^2.0.2",
        "it-pushable": "^3.2.3",
        "it-stream-types": "^2.0.1",
        "murmurhash3js-revisited": "^3.0.0",
        "netmask": "^2.0.2",
        "p-defer": "^4.0.1",
        "race-event": "^1.3.0",
        "race-signal": "^1.0.2",
        "uint8arraylist": "^2.4.8",
        "uint8arrays": "^5.1.0"
      }
    },
    "node_modules/@multiformats/dns": {
      "version": "1.0.10",
      "resolved": "https://registry.npmjs.org/@multiformats/dns/-/dns-1.0.10.tgz",
      "integrity": "sha512-6X200ceQLns0b/CU0S/So16tGjB5eIXHJ1xvJMPoWaKFHWSgfpW2EhkWJrqap4U3+c37zcowVR0ToPXeYEL7Vw==",
      "dependencies": {
        "buffer": "^6.0.3",
        "dns-packet": "^5.6.1",
        "hashlru": "^2.3.0",
        "p-queue": "^9.0.0",
        "progress-events": "^1.0.0",
        "uint8arrays": "^5.0.2"
      }
    },
    "node_modules/@multiformats/mafmt": {
      "version": "12.1.6",
      "resolved": "https://registry.npmjs.org/@multiformats/mafmt/-/mafmt-12.1.6.tgz",
      "integrity": "sha512-tlJRfL21X+AKn9b5i5VnaTD6bNttpSpcqwKVmDmSHLwxoz97fAHaepqFOk/l1fIu94nImIXneNbhsJx/RQNIww==",
      "dependencies": {
        "@multiformats/multiaddr": "^12.0.0"
      }
    },
    "node_modules/@multiformats/multiaddr": {
      "version": "12.5.1",
      "resolved": "https://registry.npmjs.org/@multiformats/multiaddr/-/multiaddr-12.5.1.tgz",
      "integrity": "sha512-+DDlr9LIRUS8KncI1TX/FfUn8F2dl6BIxJgshS/yFQCNB5IAF0OGzcwB39g5NLE22s4qqDePv0Qof6HdpJ/4aQ==",
      "dependencies": {
        "@chainsafe/is-ip": "^2.0.1",
        "@chainsafe/netmask": "^2.0.0",
        "@multiformats/dns": "^1.0.3",
        "abort-error": "^1.0.1",
        "multiformats": "^13.0.0",
        "uint8-varint": "^2.0.1",
        "uint8arrays": "^5.0.0"
      }
    },
    "node_modules/@multiformats/multiaddr-matcher": {
      "version": "1.8.0",
      "resolved": "https://registry.npmjs.org/@multiformats/multiaddr-matcher/-/multiaddr-matcher-1.8.0.tgz",
      "integrity": "sha512-tR/HFhDucXjvwCef5lfXT7kikqR2ffUjliuYlg/RKYGPySVKVlvrDufz86cIuHNc+i/fNR16FWWgD/pMJ6RW4w==",
      "dependencies": {
        "@chainsafe/is-ip": "^2.0.1",
        "@multiformats/multiaddr": "^12.0.0",
        "multiformats": "^13.0.0"
      }
    },
    "node_modules/@noble/curves": {
      "version": "1.9.7",
      "resolved": "https://registry.npmjs.org/@noble/curves/-/curves-1.9.7.tgz",
      "integrity": "sha512-gbKGcRUYIjA3/zCCNaWDciTMFI0dCkvou3TL8Zmy5Nc7sJ47a0jtOeZoTaMxkuqRo9cRhjOdZJXegxYE5FN/xw==",
      "dependencies": {
        "@noble/hashes": "1.8.0"
      },
      "engines": {
        "node": "^14.21.3 || >=16"
      },
      "funding": {
        "url": "https://paulmillr.com/funding/"
      }
    },
    "node_modules/@noble/hashes": {
      "version": "1.8.0",
      "resolved": "https://registry.npmjs.org/@noble/hashes/-/hashes-1.8.0.tgz",
      "integrity": "sha512-jCs9ldd7NwzpgXDIf6P3+NrHh9/sD6CQdxHyjQI+h/6rDNo88ypBxxz45UDuZHz9r3tNz7N/VInSVoVdtXEI4A==",
      "engines": {
        "node": "^14.21.3 || >=16"
      },
      "funding": {
        "url": "https://paulmillr.com/funding/"
      }
    },
    "node_modules/@sindresorhus/fnv1a": {
      "version": "3.1.0",
      "resolved": "https://registry.npmjs.org/@sindresorhus/fnv1a/-/fnv1a-3.1.0.tgz",
      "integrity": "sha512-KV321z5m/0nuAg83W1dPLy85HpHDk7Sdi4fJbwvacWsEhAh+rZUW4ZfGcXmUIvjZg4ss2bcwNlRhJ7GBEUG08w==",
      "engines": {
        "node": "^12.20.0 || ^14.13.1 || >=16.0.0"
      },
      "funding": {
        "url": "https://github.com/sponsors/sindresorhus"
      }
    },
    "node_modules/@types/murmurhash3js-revisited": {
      "version": "3.0.3",
      "resolved": "https://registry.npmjs.org/@types/murmurhash3js-revisited/-/murmurhash3js-revisited-3.0.3.tgz",
      "integrity": "sha512-QvlqvYtGBYIDeO8dFdY4djkRubcrc+yTJtBc7n8VZPlJDUS/00A+PssbvERM8f9bYRmcaSEHPZgZojeQj7kzAA=="
    },
    "node_modules/@types/sinon": {
      "version": "17.0.4",
      "resolved": "https://registry.npmjs.org/@types/sinon/-/sinon-17.0.4.tgz",
      "integrity": "sha512-RHnIrhfPO3+tJT0s7cFaXGZvsL4bbR3/k7z3P312qMS4JaS2Tk+KiwiLx1S0rQ56ERj00u1/BtdyVd0FY+Pdew==",
      "dependencies": {
        "@types/sinonjs__fake-timers": "*"
      }
    },
    "node_modules/@types/sinonjs__fake-timers": {
      "version": "8.1.5",
      "resolved": "https://registry.npmjs.org/@types/sinonjs__fake-timers/-/sinonjs__fake-timers-8.1.5.tgz",
      "integrity": "sha512-mQkU2jY8jJEF7YHjHvsQO8+3ughTL1mcnn96igfhONmR+fUPSKIkefQYpSe8bsly2Ep7oQbn/6VG5/9/0qcArQ=="
    },
    "node_modules/abort-error": {
      "version": "1.0.1",
      "resolved": "https://registry.npmjs.org/abort-error/-/abort-error-1.0.1.tgz",
      "integrity": "sha512-fxqCblJiIPdSXIUrxI0PL+eJG49QdP9SQ70qtB65MVAoMr2rASlOyAbJFOylfB467F/f+5BCLJJq58RYi7mGfg=="
    },
    "node_modules/any-signal": {
      "version": "4.1.1",
      "resolved": "https://registry.npmjs.org/any-signal/-/any-signal-4.1.1.tgz",
      "integrity": "sha512-iADenERppdC+A2YKbOXXB2WUeABLaM6qnpZ70kZbPZ1cZMMJ7eF+3CaYm+/PhBizgkzlvssC7QuHS30oOiQYWA==",
      "engines": {
        "node": ">=16.0.0",
        "npm": ">=7.0.0"
      }
    },
    "node_modules/asn1js": {
      "version": "3.0.6",
      "resolved": "https://registry.npmjs.org/asn1js/-/asn1js-3.0.6.tgz",
      "integrity": "sha512-UOCGPYbl0tv8+006qks/dTgV9ajs97X2p0FAbyS2iyCRrmLSRolDaHdp+v/CLgnzHc3fVB+CwYiUmei7ndFcgA==",
      "dependencies": {
        "pvtsutils": "^1.3.6",
        "pvutils": "^1.1.3",
        "tslib": "^2.8.1"
      },
      "engines": {
        "node": ">=12.0.0"
      }
    },
    "node_modules/base64-js": {
      "version": "1.5.1",
      "resolved": "https://registry.npmjs.org/base64-js/-/base64-js-1.5.1.tgz",
      "integrity": "sha512-AKpaYlHn8t4SVbOHCy+b5+KKgvR4vrsD8vbvrbiQJps7fKDTkjkDry6ji0rUJjC0kzbNePLwzxq8iypo41qeWA==",
      "funding": [
        {
          "type": "github",
          "url": "https://github.com/sponsors/feross"
        },
        {
          "type": "patreon",
          "url": "https://www.patreon.com/feross"
        },
        {
          "type": "consulting",
          "url": "https://feross.org/support"
        }
      ]
    },
    "node_modules/buffer": {
      "version": "6.0.3",
      "resolved": "https://registry.npmjs.org/buffer/-/buffer-6.0.3.tgz",
      "integrity": "sha512-FTiCpNxtwiZZHEZbcbTIcZjERVICn9yq/pDFkTl95/AxzD1naBctN7YO68riM/gLSDY7sdrMby8hofADYuuqOA==",
      "funding": [
        {
          "type": "github",
          "url": "https://github.com/sponsors/feross"
        },
        {
          "type": "patreon",
          "url": "https://www.patreon.com/feross"
        },
        {
          "type": "consulting",
          "url": "https://feross.org/support"
        }
      ],
      "dependencies": {
        "base64-js": "^1.3.1",
        "ieee754": "^1.2.1"
      }
    },
    "node_modules/datastore-core": {
      "version": "9.2.9",
      "resolved": "https://registry.npmjs.org/datastore-core/-/datastore-core-9.2.9.tgz",
      "integrity": "sha512-wraWTPsbtdE7FFaVo3pwPuTB/zXsgwGGAm8BgBYwYAuzZCTS0MfXmd/HH1vR9s0/NFFjOVmBkGiWCvKxZ+QjVw==",
      "dependencies": {
        "@libp2p/logger": "^4.0.6",
        "err-code": "^3.0.1",
        "interface-datastore": "^8.0.0",
        "interface-store": "^5.0.0",
        "it-drain": "^3.0.5",
        "it-filter": "^3.0.4",
        "it-map": "^3.0.5",
        "it-merge": "^3.0.3",
        "it-pipe": "^3.0.1",
        "it-pushable": "^3.2.3",
        "it-sort": "^3.0.4",
        "it-take": "^3.0.4"
      }
    },
    "node_modules/datastore-core/node_modules/interface-store": {
      "version": "5.1.8",
      "resolved": "https://registry.npmjs.org/interface-store/-/interface-store-5.1.8.tgz",
      "integrity": "sha512-7na81Uxkl0vqk0CBPO5PvyTkdaJBaezwUJGsMOz7riPOq0rJt+7W31iaopaMICWea/iykUsvNlPx/Tc+MxC3/w=="
    },
    "node_modules/delay": {
      "version": "6.0.0",
      "resolved": "https://registry.npmjs.org/delay/-/delay-6.0.0.tgz",
      "integrity": "sha512-2NJozoOHQ4NuZuVIr5CWd0iiLVIRSDepakaovIN+9eIDHEhdCAEvSy2cuf1DCrPPQLvHmbqTHODlhHg8UCy4zw==",
      "engines": {
        "node": ">=16"
      },
      "funding": {
        "url": "https://github.com/sponsors/sindresorhus"
      }
    },
    "node_modules/dns-packet": {
      "version": "5.6.1",
      "resolved": "https://registry.npmjs.org/dns-packet/-/dns-packet-5.6.1.tgz",
      "integrity": "sha512-l4gcSouhcgIKRvyy99RNVOgxXiicE+2jZoNmaNmZ6JXiGajBOJAesk1OBlJuM5k2c+eudGdLxDqXuPCKIj6kpw==",
      "dependencies": {
        "@leichtgewicht/ip-codec": "^2.0.1"
      },
      "engines": {
        "node": ">=6"
      }
    },
    "node_modules/err-code": {
      "version": "3.0.1",
      "resolved": "https://registry.npmjs.org/err-code/-/err-code-3.0.1.tgz",
      "integrity": "sha512-GiaH0KJUewYok+eeY05IIgjtAe4Yltygk9Wqp1V5yVWLdhf0hYZchRjNIT9bb0mSwRcIusT3cx7PJUf3zEIfUA=="
    },
    "node_modules/eventemitter3": {
      "version": "5.0.1",
      "resolved": "https://registry.npmjs.org/eventemitter3/-/eventemitter3-5.0.1.tgz",
      "integrity": "sha512-GWkBvjiSZK87ELrYOSESUYeVIc9mvLLf/nXalMOS5dYrgZq9o5OVkbZAVM06CVxYsCwH9BDZFPlQTlPA1j4ahA=="
    },
    "node_modules/get-iterator": {
      "version": "2.0.1",
      "resolved": "https://registry.npmjs.org/get-iterator/-/get-iterator-2.0.1.tgz",
      "integrity": "sha512-7HuY/hebu4gryTDT7O/XY/fvY9wRByEGdK6QOa4of8npTcv0+NS6frFKABcf6S9EBAsveTuKTsZQQBFMMNILIg=="
    },
    "node_modules/hashlru": {
      "version": "2.3.0",
      "resolved": "https://registry.npmjs.org/hashlru/-/hashlru-2.3.0.tgz",
      "integrity": "sha512-0cMsjjIC8I+D3M44pOQdsy0OHXGLVz6Z0beRuufhKa0KfaD2wGwAev6jILzXsd3/vpnNQJmWyZtIILqM1N+n5A=="
    },
    "node_modules/ieee754": {
      "version": "1.2.1",
      "resolved": "https://registry.npmjs.org/ieee754/-/ieee754-1.2.1.tgz",
      "integrity": "sha512-dcyqhDvX1C46lXZcVqCpK+FtMRQVdIMN6/Df5js2zouUsqG7I6sFxitIC+7KYK29KdXOLHdu9zL4sFnoVQnqaA==",
      "funding": [
        {
          "type": "github",
          "url": "https://github.com/sponsors/feross"
        },
        {
          "type": "patreon",
          "url": "https://www.patreon.com/feross"
        },
        {
          "type": "consulting",
          "url": "https://feross.org/support"
        }
      ]
    },
    "node_modules/interface-datastore": {
      "version": "8.3.2",
      "resolved": "https://registry.npmjs.org/interface-datastore/-/interface-datastore-8.3.2.tgz",
      "integrity": "sha512-R3NLts7pRbJKc3qFdQf+u40hK8XWc0w4Qkx3OFEstC80VoaDUABY/dXA2EJPhtNC+bsrf41Ehvqb6+pnIclyRA==",
      "dependencies": {
        "interface-store": "^6.0.0",
        "uint8arrays": "^5.1.0"
      }
    },
    "node_modules/interface-store": {
      "version": "6.0.3",
      "resolved": "https://registry.npmjs.org/interface-store/-/interface-store-6.0.3.tgz",
      "integrity": "sha512-+WvfEZnFUhRwFxgz+QCQi7UC6o9AM0EHM9bpIe2Nhqb100NHCsTvNAn4eJgvgV2/tmLo1MP9nGxQKEcZTAueLA=="
    },
    "node_modules/is-loopback-addr": {
      "version": "2.0.2",
      "resolved": "https://registry.npmjs.org/is-loopback-addr/-/is-loopback-addr-2.0.2.tgz",
      "integrity": "sha512-26POf2KRCno/KTNL5Q0b/9TYnL00xEsSaLfiFRmjM7m7Lw7ZMmFybzzuX4CcsLAluZGd+niLUiMRxEooVE3aqg=="
    },
    "node_modules/is-plain-obj": {
      "version": "2.1.0",
      "resolved": "https://registry.npmjs.org/is-plain-obj/-/is-plain-obj-2.1.0.tgz",
      "integrity": "sha512-YWnfyRwxL/+SsrWYfOpUtz5b3YD+nyfkHvjbcanzk8zgyO4ASD67uVMRt8k5bM4lLMDnXfriRhOpemw+NfT1eA==",
      "engines": {
        "node": ">=8"
      }
    },
    "node_modules/it-all": {
      "version": "3.0.9",
      "resolved": "https://registry.npmjs.org/it-all/-/it-all-3.0.9.tgz",
      "integrity": "sha512-fz1oJJ36ciGnu2LntAlE6SA97bFZpW7Rnt0uEc1yazzR2nKokZLr8lIRtgnpex4NsmaBcvHF+Z9krljWFy/mmg=="
    },
    "node_modules/it-byte-stream": {
      "version": "1.1.1",
      "resolved": "https://registry.npmjs.org/it-byte-stream/-/it-byte-stream-1.1.1.tgz",
      "integrity": "sha512-OIOb8PvK9ZV7MHvyxIDNyN3jmrxrJdx99G0RIYYb3Tzo1OWv+O1C6mfg7nnlDuuTQz2POYFXe87AShKAEl+POw==",
      "dependencies": {
        "it-queueless-pushable": "^1.0.0",
        "it-stream-types": "^2.0.2",
        "uint8arraylist": "^2.4.8"
      }
    },
    "node_modules/it-byte-stream/node_modules/it-queueless-pushable": {
      "version": "1.0.2",
      "resolved": "https://registry.npmjs.org/it-queueless-pushable/-/it-queueless-pushable-1.0.2.tgz",
      "integrity": "sha512-BFIm48C4O8+i+oVEPQpZ70+CaAsVUircvZtZCrpG2Q64933aLp+tDmas1mTBwqVBfIUUlg09d+e6SWW1CBuykQ==",
      "dependencies": {
        "p-defer": "^4.0.1",
        "race-signal": "^1.1.3"
      }
    },
    "node_modules/it-drain": {
      "version": "3.0.10",
      "resolved": "https://registry.npmjs.org/it-drain/-/it-drain-3.0.10.tgz",
      "integrity": "sha512-0w/bXzudlyKIyD1+rl0xUKTI7k4cshcS43LTlBiGFxI8K1eyLydNPxGcsVLsFVtKh1/ieS8AnVWt6KwmozxyEA=="
    },
    "node_modules/it-filter": {
      "version": "3.1.4",
      "resolved": "https://registry.npmjs.org/it-filter/-/it-filter-3.1.4.tgz",
      "integrity": "sha512-80kWEKgiFEa4fEYD3mwf2uygo1dTQ5Y5midKtL89iXyjinruA/sNXl6iFkTcdNedydjvIsFhWLiqRPQP4fAwWQ==",
      "dependencies": {
        "it-peekable": "^3.0.0"
      }
    },
    "node_modules/it-length-prefixed": {
      "version": "9.1.1",
      "resolved": "https://registry.npmjs.org/it-length-prefixed/-/it-length-prefixed-9.1.1.tgz",
      "integrity": "sha512-O88nBweT6M9ozsmok68/auKH7ik/slNM4pYbM9lrfy2z5QnpokW5SlrepHZDKtN71llhG2sZvd6uY4SAl+lAQg==",
      "dependencies": {
        "it-reader": "^6.0.1",
        "it-stream-types": "^2.0.1",
        "uint8-varint": "^2.0.1",
        "uint8arraylist": "^2.0.0",
        "uint8arrays": "^5.0.1"
      },
      "engines": {
        "node": ">=16.0.0",
        "npm": ">=7.0.0"
      }
    },
    "node_modules/it-length-prefixed-stream": {
      "version": "1.2.1",
      "resolved": "https://registry.npmjs.org/it-length-prefixed-stream/-/it-length-prefixed-stream-1.2.1.tgz",
      "integrity": "sha512-FYqlxc2toUoK+aPO5r3KDBIUG1mOvk2DzmjQcsfLUTHRWMJP4Va9855tVzg/22Bj+VUUaT7gxBg7HmbiCxTK4w==",
      "dependencies": {
        "it-byte-stream": "^1.0.0",
        "it-stream-types": "^2.0.2",
        "uint8-varint": "^2.0.4",
        "uint8arraylist": "^2.4.8"
      }
    },
    "node_modules/it-map": {
      "version": "3.1.4",
      "resolved": "https://registry.npmjs.org/it-map/-/it-map-3.1.4.tgz",
      "integrity": "sha512-QB9PYQdE9fUfpVFYfSxBIyvKynUCgblb143c+ktTK6ZuKSKkp7iH58uYFzagqcJ5HcqIfn1xbfaralHWam+3fg==",
      "dependencies": {
        "it-peekable": "^3.0.0"
      }
    },
    "node_modules/it-merge": {
      "version": "3.0.12",
      "resolved": "https://registry.npmjs.org/it-merge/-/it-merge-3.0.12.tgz",
      "integrity": "sha512-nnnFSUxKlkZVZD7c0jYw6rDxCcAQYcMsFj27thf7KkDhpj0EA0g9KHPxbFzHuDoc6US2EPS/MtplkNj8sbCx4Q==",
      "dependencies": {
        "it-queueless-pushable": "^2.0.0"
      }
    },
    "node_modules/it-parallel": {
      "version": "3.0.13",
      "resolved": "https://registry.npmjs.org/it-parallel/-/it-parallel-3.0.13.tgz",
      "integrity": "sha512-85PPJ/O8q97Vj9wmDTSBBXEkattwfQGruXitIzrh0RLPso6RHfiVqkuTqBNufYYtB1x6PSkh0cwvjmMIkFEPHA==",
      "dependencies": {
        "p-defer": "^4.0.1"
      }
    },
    "node_modules/it-peekable": {
      "version": "3.0.8",
      "resolved": "https://registry.npmjs.org/it-peekable/-/it-peekable-3.0.8.tgz",
      "integrity": "sha512-7IDBQKSp/dtBxXV3Fj0v3qM1jftJ9y9XrWLRIuU1X6RdKqWiN60syNwP0fiDxZD97b8SYM58dD3uklIk1TTQAw=="
    },
    "node_modules/it-pipe": {
      "version": "3.0.1",
      "resolved": "https://registry.npmjs.org/it-pipe/-/it-pipe-3.0.1.tgz",
      "integrity": "sha512-sIoNrQl1qSRg2seYSBH/3QxWhJFn9PKYvOf/bHdtCBF0bnghey44VyASsWzn5dAx0DCDDABq1hZIuzKmtBZmKA==",
      "dependencies": {
        "it-merge": "^3.0.0",
        "it-pushable": "^3.1.2",
        "it-stream-types": "^2.0.1"
      },
      "engines": {
        "node": ">=16.0.0",
        "npm": ">=7.0.0"
      }
    },
    "node_modules/it-protobuf-stream": {
      "version": "1.1.6",
      "resolved": "https://registry.npmjs.org/it-protobuf-stream/-/it-protobuf-stream-1.1.6.tgz",
      "integrity": "sha512-TxqgDHXTBt1XkYhrGKP8ubNsYD4zuTClSg6S1M0xTPsskGKA4nPFOGM60zrkh4NMB1Wt3EnsqM5U7kXkx60EXQ==",
      "dependencies": {
        "it-length-prefixed-stream": "^1.0.0",
        "it-stream-types": "^2.0.2",
        "uint8arraylist": "^2.4.8"
      }
    },
    "node_modules/it-pushable": {
      "version": "3.2.3",
      "resolved": "https://registry.npmjs.org/it-pushable/-/it-pushable-3.2.3.tgz",
      "integrity": "sha512-gzYnXYK8Y5t5b/BnJUr7glfQLO4U5vyb05gPx/TyTw+4Bv1zM9gFk4YsOrnulWefMewlphCjKkakFvj1y99Tcg==",
      "dependencies": {
        "p-defer": "^4.0.0"
      }
    },
    "node_modules/it-queue": {
      "version": "1.1.0",
      "resolved": "https://registry.npmjs.org/it-queue/-/it-queue-1.1.0.tgz",
      "integrity": "sha512-aK9unJRIaJc9qiv53LByhF7/I2AuD7Ro4oLfLieVLL9QXNvRx++ANMpv8yCp2UO0KAtBuf70GOxSYb6ElFVRpQ==",
      "dependencies": {
        "abort-error": "^1.0.1",
        "it-pushable": "^3.2.3",
        "main-event": "^1.0.0",
        "race-event": "^1.3.0",
        "race-signal": "^1.1.3"
      }
    },
    "node_modules/it-queueless-pushable": {
      "version": "2.0.2",
      "resolved": "https://registry.npmjs.org/it-queueless-pushable/-/it-queueless-pushable-2.0.2.tgz",
      "integrity": "sha512-2BqIt7XvDdgEgudLAdJkdseAwbVSBc0yAd8yPVHrll4eBuJPWIj9+8C3OIxzEKwhswLtd3bi+yLrzgw9gCyxMA==",
      "dependencies": {
        "abort-error": "^1.0.1",
        "p-defer": "^4.0.1",
        "race-signal": "^1.1.3"
      }
    },
    "node_modules/it-reader": {
      "version": "6.0.4",
      "resolved": "https://registry.npmjs.org/it-reader/-/it-reader-6.0.4.tgz",
      "integrity": "sha512-XCWifEcNFFjjBHtor4Sfaj8rcpt+FkY0L6WdhD578SCDhV4VUm7fCkF3dv5a+fTcfQqvN9BsxBTvWbYO6iCjTg==",
      "dependencies": {
        "it-stream-types": "^2.0.1",
        "uint8arraylist": "^2.0.0"
      },
      "engines": {
        "node": ">=16.0.0",
        "npm": ">=7.0.0"
      }
    },
    "node_modules/it-sort": {
      "version": "3.0.9",
      "resolved": "https://registry.npmjs.org/it-sort/-/it-sort-3.0.9.tgz",
      "integrity": "sha512-jsM6alGaPiQbcAJdzMsuMh00uJcI+kD9TBoScB8TR75zUFOmHvhSsPi+Dmh2zfVkcoca+14EbfeIZZXTUGH63w==",
      "dependencies": {
        "it-all": "^3.0.0"
      }
    },
    "node_modules/it-stream-types": {
      "version": "2.0.2",
      "resolved": "https://registry.npmjs.org/it-stream-types/-/it-stream-types-2.0.2.tgz",
      "integrity": "sha512-Rz/DEZ6Byn/r9+/SBCuJhpPATDF9D+dz5pbgSUyBsCDtza6wtNATrz/jz1gDyNanC3XdLboriHnOC925bZRBww=="
    },
    "node_modules/it-take": {
      "version": "3.0.9",
      "resolved": "https://registry.npmjs.org/it-take/-/it-take-3.0.9.tgz",
      "integrity": "sha512-XMeUbnjOcgrhFXPUqa7H0VIjYSV/BvyxxjCp76QHVAFDJw2LmR1SHxUFiqyGeobgzJr7P2ZwSRRJQGn4D2BVlA=="
    },
    "node_modules/libp2p": {
      "version": "1.9.4",
      "resolved": "https://registry.npmjs.org/libp2p/-/libp2p-1.9.4.tgz",
      "integrity": "sha512-OCMQqJ0Po8jhgb4CilWhI5EWhppn9ENdhg63PQL8Yi1tk2rOwJJt+NBec85AU18zBc0jv7Q6SgQRkzCefAuyIQ==",
      "dependencies": {
        "@libp2p/crypto": "^4.1.9",
        "@libp2p/interface": "^1.7.0",
        "@libp2p/interface-internal": "^1.3.4",
        "@libp2p/logger": "^4.0.20",
        "@libp2p/multistream-select": "^5.1.17",
        "@libp2p/peer-collections": "^5.2.9",
        "@libp2p/peer-id": "^4.2.4",
        "@libp2p/peer-id-factory": "^4.2.4",
        "@libp2p/peer-store": "^10.1.5",
        "@libp2p/utils": "^5.4.9",
        "@multiformats/dns": "^1.0.6",
        "@multiformats/multiaddr": "^12.2.3",
        "@multiformats/multiaddr-matcher": "^1.2.1",
        "any-signal": "^4.1.1",
        "datastore-core": "^9.2.9",
        "interface-datastore": "^8.2.11",
        "it-byte-stream": "^1.0.12",
        "it-merge": "^3.0.5",
        "it-parallel": "^3.0.7",
        "merge-options": "^3.0.4",
        "multiformats": "^13.1.0",
        "p-defer": "^4.0.1",
        "progress-events": "^1.0.0",
        "race-event": "^1.3.0",
        "race-signal": "^1.0.2",
        "uint8arrays": "^5.1.0"
      }
    },
    "node_modules/main-event": {
      "version": "1.0.1",
      "resolved": "https://registry.npmjs.org/main-event/-/main-event-1.0.1.tgz",
      "integrity": "sha512-NWtdGrAca/69fm6DIVd8T9rtfDII4Q8NQbIbsKQq2VzS9eqOGYs8uaNQjcuaCq/d9H/o625aOTJX2Qoxzqw0Pw=="
    },
    "node_modules/merge-options": {
      "version": "3.0.4",
      "resolved": "https://registry.npmjs.org/merge-options/-/merge-options-3.0.4.tgz",
      "integrity": "sha512-2Sug1+knBjkaMsMgf1ctR1Ujx+Ayku4EdJN4Z+C2+JzoeF7A3OZ9KM2GY0CpQS51NR61LTurMJrRKPhSs3ZRTQ==",
      "dependencies": {
        "is-plain-obj": "^2.1.0"
      },
      "engines": {
        "node": ">=10"
      }
    },
    "node_modules/mortice": {
      "version": "3.3.1",
      "resolved": "https://registry.npmjs.org/mortice/-/mortice-3.3.1.tgz",
      "integrity": "sha512-t3oESfijIPGsmsdLEKjF+grHfrbnKSXflJtgb1wY14cjxZpS6GnhHRXTxxzCAoCCnq1YYfpEPwY3gjiCPhOufQ==",
      "dependencies": {
        "abort-error": "^1.0.0",
        "it-queue": "^1.1.0",
        "main-event": "^1.0.0"
      }
    },
    "node_modules/ms": {
      "version": "3.0.0-canary.202508261828",
      "resolved": "https://registry.npmjs.org/ms/-/ms-3.0.0-canary.202508261828.tgz",
      "integrity": "sha512-NotsCoUCIUkojWCzQff4ttdCfIPoA1UGZsyQbi7KmqkNRfKCrvga8JJi2PknHymHOuor0cJSn/ylj52Cbt2IrQ==",
      "engines": {
        "node": ">=18"
      }
    },
    "node_modules/multiformats": {
      "version": "13.4.1",
      "resolved": "https://registry.npmjs.org/multiformats/-/multiformats-13.4.1.tgz",
      "integrity": "sha512-VqO6OSvLrFVAYYjgsr8tyv62/rCQhPgsZUXLTqoFLSgdkgiUYKYeArbt1uWLlEpkjxQe+P0+sHlbPEte1Bi06Q=="
    },
    "node_modules/murmurhash3js-revisited": {
      "version": "3.0.0",
      "resolved": "https://registry.npmjs.org/murmurhash3js-revisited/-/murmurhash3js-revisited-3.0.0.tgz",
      "integrity": "sha512-/sF3ee6zvScXMb1XFJ8gDsSnY+X8PbOyjIuBhtgis10W2Jx4ZjIhikUCIF9c4gpJxVnQIsPAFrSwTCuAjicP6g==",
      "engines": {
        "node": ">=8.0.0"
      }
    },
    "node_modules/netmask": {
      "version": "2.0.2",
      "resolved": "https://registry.npmjs.org/netmask/-/netmask-2.0.2.tgz",
      "integrity": "sha512-dBpDMdxv9Irdq66304OLfEmQ9tbNRFnFTuZiLo+bD+r332bBmMJ8GBLXklIXXgxd3+v9+KUnZaUR5PJMa75Gsg==",
      "engines": {
        "node": ">= 0.4.0"
      }
    },
    "node_modules/p-defer": {
      "version": "4.0.1",
      "resolved": "https://registry.npmjs.org/p-defer/-/p-defer-4.0.1.tgz",
      "integrity": "sha512-Mr5KC5efvAK5VUptYEIopP1bakB85k2IWXaRC0rsh1uwn1L6M0LVml8OIQ4Gudg4oyZakf7FmeRLkMMtZW1i5A==",
      "engines": {
        "node": ">=12"
      },
      "funding": {
        "url": "https://github.com/sponsors/sindresorhus"
      }
    },
    "node_modules/p-queue": {
      "version": "9.0.0",
      "resolved": "https://registry.npmjs.org/p-queue/-/p-queue-9.0.0.tgz",
      "integrity": "sha512-KO1RyxstL9g1mK76530TExamZC/S2Glm080Nx8PE5sTd7nlduDQsAfEl4uXX+qZjLiwvDauvzXavufy3+rJ9zQ==",
      "dependencies": {
        "eventemitter3": "^5.0.1",
        "p-timeout": "^7.0.0"
      },
      "engines": {
        "node": ">=20"
      },
      "funding": {
        "url": "https://github.com/sponsors/sindresorhus"
      }
    },
    "node_modules/p-timeout": {
      "version": "7.0.1",
      "resolved": "https://registry.npmjs.org/p-timeout/-/p-timeout-7.0.1.tgz",
      "integrity": "sha512-AxTM2wDGORHGEkPCt8yqxOTMgpfbEHqF51f/5fJCmwFC3C/zNcGT63SymH2ttOAaiIws2zVg4+izQCjrakcwHg==",
      "engines": {
        "node": ">=20"
      },
      "funding": {
        "url": "https://github.com/sponsors/sindresorhus"
      }
    },
    "node_modules/progress-events": {
      "version": "1.0.1",
      "resolved": "https://registry.npmjs.org/progress-events/-/progress-events-1.0.1.tgz",
      "integrity": "sha512-MOzLIwhpt64KIVN64h1MwdKWiyKFNc/S6BoYKPIVUHFg0/eIEyBulhWCgn678v/4c0ri3FdGuzXymNCv02MUIw=="
    },
    "node_modules/protons-runtime": {
      "version": "5.6.0",
      "resolved": "https://registry.npmjs.org/protons-runtime/-/protons-runtime-5.6.0.tgz",
      "integrity": "sha512-/Kde+sB9DsMFrddJT/UZWe6XqvL7SL5dbag/DBCElFKhkwDj7XKt53S+mzLyaDP5OqS0wXjV5SA572uWDaT0Hg==",
      "dependencies": {
        "uint8-varint": "^2.0.2",
        "uint8arraylist": "^2.4.3",
        "uint8arrays": "^5.0.1"
      }
    },
    "node_modules/pvtsutils": {
      "version": "1.3.6",
      "resolved": "https://registry.npmjs.org/pvtsutils/-/pvtsutils-1.3.6.tgz",
      "integrity": "sha512-PLgQXQ6H2FWCaeRak8vvk1GW462lMxB5s3Jm673N82zI4vqtVUPuZdffdZbPDFRoU8kAhItWFtPCWiPpp4/EDg==",
      "dependencies": {
        "tslib": "^2.8.1"
      }
    },
    "node_modules/pvutils": {
      "version": "1.1.3",
      "resolved": "https://registry.npmjs.org/pvutils/-/pvutils-1.1.3.tgz",
      "integrity": "sha512-pMpnA0qRdFp32b1sJl1wOJNxZLQ2cbQx+k6tjNtZ8CpvVhNqEPRgivZ2WOUev2YMajecdH7ctUPDvEe87nariQ==",
      "engines": {
        "node": ">=6.0.0"
      }
    },
    "node_modules/race-event": {
      "version": "1.6.1",
      "resolved": "https://registry.npmjs.org/race-event/-/race-event-1.6.1.tgz",
      "integrity": "sha512-vi7WH5g5KoTFpu2mme/HqZiWH14XSOtg5rfp6raBskBHl7wnmy3F/biAIyY5MsK+BHWhoPhxtZ1Y2R7OHHaWyQ==",
      "dependencies": {
        "abort-error": "^1.0.1"
      }
    },
    "node_modules/race-signal": {
      "version": "1.1.3",
      "resolved": "https://registry.npmjs.org/race-signal/-/race-signal-1.1.3.tgz",
      "integrity": "sha512-Mt2NznMgepLfORijhQMncE26IhkmjEphig+/1fKC0OtaKwys/gpvpmswSjoN01SS+VO951mj0L4VIDXdXsjnfA=="
    },
    "node_modules/stream-to-it": {
      "version": "1.0.1",
      "resolved": "https://registry.npmjs.org/stream-to-it/-/stream-to-it-1.0.1.tgz",
      "integrity": "sha512-AqHYAYPHcmvMrcLNgncE/q0Aj/ajP6A4qGhxP6EVn7K3YTNs0bJpJyk57wc2Heb7MUL64jurvmnmui8D9kjZgA==",
      "dependencies": {
        "it-stream-types": "^2.0.1"
      }
    },
    "node_modules/supports-color": {
      "version": "10.2.2",
      "resolved": "https://registry.npmjs.org/supports-color/-/supports-color-10.2.2.tgz",
      "integrity": "sha512-SS+jx45GF1QjgEXQx4NJZV9ImqmO2NPz5FNsIHrsDjh2YsHnawpan7SNQ1o8NuhrbHZy9AZhIoCUiCeaW/C80g==",
      "engines": {
        "node": ">=18"
      },
      "funding": {
        "url": "https://github.com/chalk/supports-color?sponsor=1"
      }
    },
    "node_modules/tslib": {
      "version": "2.8.1",
      "resolved": "https://registry.npmjs.org/tslib/-/tslib-2.8.1.tgz",
      "integrity": "sha512-oJFu94HQb+KVduSUQL7wnpmqnfmLsOA/nAh6b6EH0wCEoK0/mPeXU6c3wKDV83MkOuHPRHtSXKKU99IBazS/2w=="
    },
    "node_modules/uint8-varint": {
      "version": "2.0.4",
      "resolved": "https://registry.npmjs.org/uint8-varint/-/uint8-varint-2.0.4.tgz",
      "integrity": "sha512-FwpTa7ZGA/f/EssWAb5/YV6pHgVF1fViKdW8cWaEarjB8t7NyofSWBdOTyFPaGuUG4gx3v1O3PQ8etsiOs3lcw==",
      "dependencies": {
        "uint8arraylist": "^2.0.0",
        "uint8arrays": "^5.0.0"
      }
    },
    "node_modules/uint8arraylist": {
      "version": "2.4.8",
      "resolved": "https://registry.npmjs.org/uint8arraylist/-/uint8arraylist-2.4.8.tgz",
      "integrity": "sha512-vc1PlGOzglLF0eae1M8mLRTBivsvrGsdmJ5RbK3e+QRvRLOZfZhQROTwH/OfyF3+ZVUg9/8hE8bmKP2CvP9quQ==",
      "dependencies": {
        "uint8arrays": "^5.0.1"
      }
    },
    "node_modules/uint8arrays": {
      "version": "5.1.0",
      "resolved": "https://registry.npmjs.org/uint8arrays/-/uint8arrays-5.1.0.tgz",
      "integrity": "sha512-vA6nFepEmlSKkMBnLBaUMVvAC4G3CTmO58C12y4sq6WPDOR7mOFYOi7GlrQ4djeSbP6JG9Pv9tJDM97PedRSww==",
      "dependencies": {
        "multiformats": "^13.0.0"
      }
    },
    "node_modules/weald": {
      "version": "1.0.6",
      "resolved": "https://registry.npmjs.org/weald/-/weald-1.0.6.tgz",
      "integrity": "sha512-sX1PzkcMJZUJ848JbFzB6aKHHglTxqACEnq2KgI75b7vWYvfXFBNbOuDKqFKwCT44CrP6c5r+L4+5GmPnb5/SQ==",
      "dependencies": {
        "ms": "^3.0.0-canary.1",
        "supports-color": "^10.0.0"
      }
    }
  }
}
