{
  "name": "py-libp2p-a2a-synapse-sidecar",
  "lockfileVersion": 3,
  "requires": true,
  "packages": {
    "": {
      "name": "py-libp2p-a2a-synapse-sidecar",
      "dependencies": {
        "@filoz/synapse-sdk": "^0.12.0"
      }
    },
    "node_modules/@adraffy/ens-normalize": {
      "version": "1.10.1",
      "resolved": "https://registry.npmjs.org/@adraffy/ens-normalize/-/ens-normalize-1.10.1.tgz",
      "integrity": "sha512-96Z2IP3mYmF1Xg2cDm8f1gWGf/HUVedQ3FMifV4kG/PQ4yEP51xDtRAEfhVNt5f/uzpNkZHwWQuUcu6D6K+Ekw==",
      "license": "MIT"
    },
    "node_modules/@filoz/synapse-sdk": {
      "version": "0.12.0",
      "resolved": "https://registry.npmjs.org/@filoz/synapse-sdk/-/synapse-sdk-0.12.0.tgz",
      "integrity": "sha512-3Q/Zn2Ekcq6QkMuowD+IYluBIms3U3qD9r7SOMGdu8m8ifYg76yrxFi2HBklHsC15yRbzWNBtIACkiVpa3z80g==",
      "license": "Apache-2.0",
      "dependencies": {
        "@web3-storage/data-segment": "^5.3.0",
        "ethers": "^6.14.3",
        "multiformats": "^13.3.6"
      }
    },
    "node_modules/@ipld/dag-cbor": {
      "version": "9.2.6",
      "resolved": "https://registry.npmjs.org/@ipld/dag-cbor/-/dag-cbor-9.2.6.tgz",
      "integrity": "sha512-vZGJ84Em2jCVAS7td5gc08YTVN8/s4bTQxg4pU77PAXDAR/yLYOthOvkCu01fdl1lrZwz47RdUterxdkrs3p5A==",
      "license": "Apache-2.0 OR MIT",
      "dependencies": {
        "cborg": "^5.0.1",
        "multiformats": "^13.1.0"
      },
      "engines": {
        "node": ">=16.0.0",
        "npm": ">=7.0.0"
      }
    },
    "node_modules/@noble/curves": {
      "version": "1.2.0",
      "resolved": "https://registry.npmjs.org/@noble/curves/-/curves-1.2.0.tgz",
      "integrity": "sha512-oYclrNgRaM9SsBUBVbb8M6DTV7ZHRTKugureoYEncY5c65HOmRzvSiTE3y5CYaPYJA/GVkrhXEoF0M3Ya9PMnw==",
      "license": "MIT",
      "dependencies": {
        "@noble/hashes": "1.3.2"
      },
      "funding": {
        "url": "https://paulmillr.com/funding/"
      }
    },
    "node_modules/@noble/hashes": {
      "version": "1.3.2",
      "resolved": "https://registry.npmjs.org/@noble/hashes/-/hashes-1.3.2.tgz",
      "integrity": "sha512-MVC8EAQp7MvEcm30KWENFjgR+Mkmf+D189XJTkFIlwohU5hcBbn1ZkKq7KVTi2Hme3PMGF390DaL52beVrIihQ==",
      "license": "MIT",
      "engines": {
        "node": ">= 16"
      },
      "funding": {
        "url": "https://paulmillr.com/funding/"
      }
    },
    "node_modules/@types/node": {
      "version": "22.7.5",
      "resolved": "https://registry.npmjs.org/@types/node/-/node-22.7.5.tgz",
      "integrity": "sha512-jML7s2NAzMWc//QSJ1a3prpk78cOPchGvXJsC3C6R6PSMoooztvRVQEz89gmBTBY1SPMaqo5teB4uNHPdetShQ==",
      "license": "MIT",
      "dependencies": {
        "undici-types": "~6.19.2"
      }
    },
    "node_modules/@web3-storage/data-segment": {
      "version": "5.3.0",
      "resolved": "https://registry.npmjs.org/@web3-storage/data-segment/-/data-segment-5.3.0.tgz",
      "integrity": "sha512-zFJ4m+pEKqtKatJNsFrk/2lHeFSbkXZ6KKXjBe7/2ayA9wAar7T/unewnOcZrrZTnCWmaxKsXWqdMFy9bXK9dw==",
      "license": "(Apache-2.0 AND MIT)",
      "dependencies": {
        "@ipld/dag-cbor": "^9.2.1",
        "multiformats": "^13.3.0",
        "sync-multihash-sha2": "^1.0.0"
      }
    },
    "node_modules/aes-js": {
      "version": "4.0.0-beta.5",
      "resolved": "https://registry.npmjs.org/aes-js/-/aes-js-4.0.0-beta.5.tgz",
      "integrity": "sha512-G965FqalsNyrPqgEGON7nIx1e/OVENSgiEIzyC63haUMuvNnwIgIjMs52hlTCKhkBny7A2ORNlfY9Zu+jmGk1Q==",
      "license": "MIT"
    },
    "node_modules/cborg": {
      "version": "5.1.1",
      "resolved": "https://registry.npmjs.org/cborg/-/cborg-5.1.1.tgz",
      "integrity": "sha512-BDbSRIp6XrQXkTc7g+DN0RB9RrDPTUfals2ecWUlt3juPLjbAvy/V72mJcXY0Ehu0Dq/3WpNCOCT68HUTbW+lw==",
      "license": "Apache-2.0",
      "bin": {
        "cborg": "lib/bin.js"
      }
    },
    "node_modules/ethers": {
      "version": "6.16.0",
      "resolved": "https://registry.npmjs.org/ethers/-/ethers-6.16.0.tgz",
      "integrity": "sha512-U1wulmetNymijEhpSEQ7Ct/P/Jw9/e7R1j5XIbPRydgV2DjLVMsULDlNksq3RQnFgKoLlZf88ijYtWEXcPa07A==",
      "funding": [
        {
          "type": "individual",
          "url": "https://github.com/sponsors/ethers-io/"
        },
        {
          "type": "individual",
          "url": "https://www.buymeacoffee.com/ricmoo"
        }
      ],
      "license": "MIT",
      "dependencies": {
        "@adraffy/ens-normalize": "1.10.1",
        "@noble/curves": "1.2.0",
        "@noble/hashes": "1.3.2",
        "@types/node": "22.7.5",
        "aes-js": "4.0.0-beta.5",
        "tslib": "2.7.0",
        "ws": "8.17.1"
      },
      "engines": {
        "node": ">=14.0.0"
      }
    },
    "node_modules/multiformats": {
      "version": "13.4.2",
      "resolved": "https://registry.npmjs.org/multiformats/-/multiformats-13.4.2.tgz",
      "integrity": "sha512-eh6eHCrRi1+POZ3dA+Dq1C6jhP1GNtr9CRINMb67OKzqW9I5DUuZM/3jLPlzhgpGeiNUlEGEbkCYChXMCc/8DQ==",
      "license": "Apache-2.0 OR MIT"
    },
    "node_modules/sync-multihash-sha2": {
      "version": "1.0.0",
      "resolved": "https://registry.npmjs.org/sync-multihash-sha2/-/sync-multihash-sha2-1.0.0.tgz",
      "integrity": "sha512-A5gVpmtKF0ov+/XID0M0QRJqF2QxAsj3x/LlDC8yivzgoYCoWkV+XaZPfVu7Vj1T/hYzYS1tfjwboSbXjqocug==",
      "license": "(Apache-2.0 AND MIT)",
      "dependencies": {
        "@noble/hashes": "^1.3.1"
      }
    },
    "node_modules/tslib": {
      "version": "2.7.0",
      "resolved": "https://registry.npmjs.org/tslib/-/tslib-2.7.0.tgz",
      "integrity": "sha512-gLXCKdN1/j47AiHiOkJN69hJmcbGTHI0ImLmbYLHykhgeN0jVGola9yVjFgzCUklsZQMW55o+dW7IXv3RCXDzA==",
      "license": "0BSD"
    },
    "node_modules/undici-types": {
      "version": "6.19.8",
      "resolved": "https://registry.npmjs.org/undici-types/-/undici-types-6.19.8.tgz",
      "integrity": "sha512-ve2KP6f/JnbPBFyobGHuerC9g1FYGn/F8n1LWTwNxCEzd6IfqTwUQcNXgEtmmQ6DlRrC1hrSrBnCZPokRrDHjw==",
      "license": "MIT"
    },
    "node_modules/ws": {
      "version": "8.17.1",
      "resolved": "https://registry.npmjs.org/ws/-/ws-8.17.1.tgz",
      "integrity": "sha512-6XQFvXTkbfUOZOKKILFG1PDK2NDQs4azKQl26T0YS5CxqWLgXajbPZ+h4gZekJyRqFU8pvnbAbbs/3TgRPy+GQ==",
      "license": "MIT",
      "engines": {
        "node": ">=10.0.0"
      },
      "peerDependencies": {
        "bufferutil": "^4.0.1",
        "utf-8-validate": ">=5.0.2"
      },
      "peerDependenciesMeta": {
        "bufferutil": {
          "optional": true
        },
        "utf-8-validate": {
          "optional": true
        }
      }
    }
  }
}
